{
  "name": "S09P12A406",
  "lockfileVersion": 3,
  "requires": true,
  "packages": {
    "": {
      "devDependencies": {
        "@types/simple-peer": "^9.11.5"
      }
    },
    "node_modules/@types/node": {
      "version": "20.4.6",
      "resolved": "https://registry.npmjs.org/@types/node/-/node-20.4.6.tgz",
      "integrity": "sha512-q0RkvNgMweWWIvSMDiXhflGUKMdIxBo2M2tYM/0kEGDueQByFzK4KZAgu5YHGFNxziTlppNpTIBcqHQAxlfHdA==",
      "dev": true
    },
    "node_modules/@types/simple-peer": {
      "version": "9.11.5",
      "resolved": "https://registry.npmjs.org/@types/simple-peer/-/simple-peer-9.11.5.tgz",
      "integrity": "sha512-haXgWcAa3Y3Sn+T8lzkE4ErQUpYzhW6Cz2lh00RhQTyWt+xZ3s87wJPztUxlqSdFRqGhe2MQIBd0XsyHP3No4w==",
      "dev": true,
      "dependencies": {
        "@types/node": "*"
      }
    }
  }
}
